
Microsoft Visual Studio Solution File, Format Version 12.00
# Visual Studio Version 16
VisualStudioVersion = 16.0.31702.278
MinimumVisualStudioVersion = 10.0.40219.1
Project("{FAE04EC0-301F-11D3-BF4B-00C04F79EFBC}") = "OJTManagerNew", "OJTManagerNew\OJTManagerNew.csproj", "{071D8FBD-FDE4-439B-8D2C-84214ADFC1E1}"
EndProject
Global
	GlobalSection(SolutionConfigurationPlatforms) = preSolution
		Debug|Any CPU = Debug|Any CPU
		Release|Any CPU = Release|Any CPU
	EndGlobalSection
	GlobalSection(ProjectConfigurationPlatforms) = postSolution
		{071D8FBD-FDE4-439B-8D2C-84214ADFC1E1}.Debug|Any CPU.ActiveCfg = Debug|Any CPU
		{071D8FBD-FDE4-439B-8D2C-84214ADFC1E1}.Debug|Any CPU.Build.0 = Debug|Any CPU
		{071D8FBD-FDE4-439B-8D2C-84214ADFC1E1}.Release|Any CPU.ActiveCfg = Release|Any CPU
		{071D8FBD-FDE4-439B-8D2C-84214ADFC1E1}.Release|Any CPU.Build.0 = Release|Any CPU
	EndGlobalSection
	GlobalSection(SolutionProperties) = preSolution
		HideSolutionNode = FALSE
	EndGlobalSection
	GlobalSection(ExtensibilityGlobals) = postSolution
		SolutionGuid = {D30EC989-6A3E-4FC8-B26B-7909ABFAA0E9}
	EndGlobalSection
EndGlobal
